
Microsoft Visual Studio Solution File, Format Version 12.00
# Visual Studio 15
VisualStudioVersion = 15.0.26430.12
MinimumVisualStudioVersion = 10.0.40219.1
Project("{FAE04EC0-301F-11D3-BF4B-00C04F79EFBC}") = "Pulse.SqlStorage", "Pulse.SqlStorage\Pulse.SqlStorage.csproj", "{E57B8946-0D20-41F4-957A-E7457F8E1F2A}"
EndProject
Project("{FAE04EC0-301F-11D3-BF4B-00C04F79EFBC}") = "Pulse.Core", "Pulse.Core\Pulse.Core.csproj", "{EBF23179-1649-4B89-BDAA-430AD0D2825A}"
EndProject
Project("{FAE04EC0-301F-11D3-BF4B-00C04F79EFBC}") = "Pulse.Core.Test", "Pulse.Core.Test\Pulse.Core.Test.csproj", "{820EFBE0-7AAD-438F-A3B3-D6AEEC6B81FC}"
EndProject
Global
	GlobalSection(SolutionConfigurationPlatforms) = preSolution
		Debug|Any CPU = Debug|Any CPU
		Release|Any CPU = Release|Any CPU
	EndGlobalSection
	GlobalSection(ProjectConfigurationPlatforms) = postSolution
		{E57B8946-0D20-41F4-957A-E7457F8E1F2A}.Debug|Any CPU.ActiveCfg = Debug|Any CPU
		{E57B8946-0D20-41F4-957A-E7457F8E1F2A}.Debug|Any CPU.Build.0 = Debug|Any CPU
		{E57B8946-0D20-41F4-957A-E7457F8E1F2A}.Release|Any CPU.ActiveCfg = Release|Any CPU
		{E57B8946-0D20-41F4-957A-E7457F8E1F2A}.Release|Any CPU.Build.0 = Release|Any CPU
		{EBF23179-1649-4B89-BDAA-430AD0D2825A}.Debug|Any CPU.ActiveCfg = Debug|Any CPU
		{EBF23179-1649-4B89-BDAA-430AD0D2825A}.Debug|Any CPU.Build.0 = Debug|Any CPU
		{EBF23179-1649-4B89-BDAA-430AD0D2825A}.Release|Any CPU.ActiveCfg = Release|Any CPU
		{EBF23179-1649-4B89-BDAA-430AD0D2825A}.Release|Any CPU.Build.0 = Release|Any CPU
		{820EFBE0-7AAD-438F-A3B3-D6AEEC6B81FC}.Debug|Any CPU.ActiveCfg = Debug|Any CPU
		{820EFBE0-7AAD-438F-A3B3-D6AEEC6B81FC}.Debug|Any CPU.Build.0 = Debug|Any CPU
		{820EFBE0-7AAD-438F-A3B3-D6AEEC6B81FC}.Release|Any CPU.ActiveCfg = Release|Any CPU
		{820EFBE0-7AAD-438F-A3B3-D6AEEC6B81FC}.Release|Any CPU.Build.0 = Release|Any CPU
	EndGlobalSection
	GlobalSection(SolutionProperties) = preSolution
		HideSolutionNode = FALSE
	EndGlobalSection
EndGlobal
